
Microsoft Visual Studio Solution File, Format Version 12.00
# Visual Studio Version 16
VisualStudioVersion = 16.0.30406.217
MinimumVisualStudioVersion = 10.0.40219.1
Project("{9A19103F-16F7-4668-BE54-9A1E7A4F7556}") = "OilfieldCalc3", "OilfieldCalc3\OilfieldCalc3.csproj", "{9B72009C-8FFD-4814-ABF1-C0FF5C7B3819}"
EndProject
Project("{FAE04EC0-301F-11D3-BF4B-00C04F79EFBC}") = "OilfieldCalc3.Android", "OilfieldCalc3.Android\OilfieldCalc3.Android.csproj", "{AB4F8300-D222-44A4-920E-5CA9ED39884C}"
EndProject
Project("{FAE04EC0-301F-11D3-BF4B-00C04F79EFBC}") = "OilfieldCalc3.iOS", "OilfieldCalc3.iOS\OilfieldCalc3.iOS.csproj", "{8E17CE73-8462-494F-AF42-014BB9184D0E}"
EndProject
Project("{FAE04EC0-301F-11D3-BF4B-00C04F79EFBC}") = "OilfieldCalc3.UWP", "OilfieldCalc3.UWP\OilfieldCalc3.UWP.csproj", "{10C9C8CA-5975-44D8-978C-2812B54E49B8}"
EndProject
Project("{FAE04EC0-301F-11D3-BF4B-00C04F79EFBC}") = "Tubulars", "Tubulars\Tubulars.csproj", "{1A21DD72-3093-400D-A3F8-D5D79203A609}"
EndProject
Global
	GlobalSection(SolutionConfigurationPlatforms) = preSolution
		Ad-Hoc|Any CPU = Ad-Hoc|Any CPU
		Ad-Hoc|ARM = Ad-Hoc|ARM
		Ad-Hoc|iPhone = Ad-Hoc|iPhone
		Ad-Hoc|iPhoneSimulator = Ad-Hoc|iPhoneSimulator
		Ad-Hoc|x64 = Ad-Hoc|x64
		Ad-Hoc|x86 = Ad-Hoc|x86
		AppStore|Any CPU = AppStore|Any CPU
		AppStore|ARM = AppStore|ARM
		AppStore|iPhone = AppStore|iPhone
		AppStore|iPhoneSimulator = AppStore|iPhoneSimulator
		AppStore|x64 = AppStore|x64
		AppStore|x86 = AppStore|x86
		Debug|Any CPU = Debug|Any CPU
		Debug|ARM = Debug|ARM
		Debug|iPhone = Debug|iPhone
		Debug|iPhoneSimulator = Debug|iPhoneSimulator
		Debug|x64 = Debug|x64
		Debug|x86 = Debug|x86
		Release|Any CPU = Release|Any CPU
		Release|ARM = Release|ARM
		Release|iPhone = Release|iPhone
		Release|iPhoneSimulator = Release|iPhoneSimulator
		Release|x64 = Release|x64
		Release|x86 = Release|x86
	EndGlobalSection
	GlobalSection(ProjectConfigurationPlatforms) = postSolution
		{9B72009C-8FFD-4814-ABF1-C0FF5C7B3819}.Ad-Hoc|Any CPU.ActiveCfg = Debug|Any CPU
		{9B72009C-8FFD-4814-ABF1-C0FF5C7B3819}.Ad-Hoc|Any CPU.Build.0 = Debug|Any CPU
		{9B72009C-8FFD-4814-ABF1-C0FF5C7B3819}.Ad-Hoc|ARM.ActiveCfg = Debug|Any CPU
		{9B72009C-8FFD-4814-ABF1-C0FF5C7B3819}.Ad-Hoc|ARM.Build.0 = Debug|Any CPU
		{9B72009C-8FFD-4814-ABF1-C0FF5C7B3819}.Ad-Hoc|iPhone.ActiveCfg = Debug|Any CPU
		{9B72009C-8FFD-4814-ABF1-C0FF5C7B3819}.Ad-Hoc|iPhone.Build.0 = Debug|Any CPU
		{9B72009C-8FFD-4814-ABF1-C0FF5C7B3819}.Ad-Hoc|iPhoneSimulator.ActiveCfg = Debug|Any CPU
		{9B72009C-8FFD-4814-ABF1-C0FF5C7B3819}.Ad-Hoc|iPhoneSimulator.Build.0 = Debug|Any CPU
		{9B72009C-8FFD-4814-ABF1-C0FF5C7B3819}.Ad-Hoc|x64.ActiveCfg = Debug|Any CPU
		{9B72009C-8FFD-4814-ABF1-C0FF5C7B3819}.Ad-Hoc|x64.Build.0 = Debug|Any CPU
		{9B72009C-8FFD-4814-ABF1-C0FF5C7B3819}.Ad-Hoc|x86.ActiveCfg = Debug|Any CPU
		{9B72009C-8FFD-4814-ABF1-C0FF5C7B3819}.Ad-Hoc|x86.Build.0 = Debug|Any CPU
		{9B72009C-8FFD-4814-ABF1-C0FF5C7B3819}.AppStore|Any CPU.ActiveCfg = Debug|Any CPU
		{9B72009C-8FFD-4814-ABF1-C0FF5C7B3819}.AppStore|Any CPU.Build.0 = Debug|Any CPU
		{9B72009C-8FFD-4814-ABF1-C0FF5C7B3819}.AppStore|ARM.ActiveCfg = Debug|Any CPU
		{9B72009C-8FFD-4814-ABF1-C0FF5C7B3819}.AppStore|ARM.Build.0 = Debug|Any CPU
		{9B72009C-8FFD-4814-ABF1-C0FF5C7B3819}.AppStore|iPhone.ActiveCfg = Debug|Any CPU
		{9B72009C-8FFD-4814-ABF1-C0FF5C7B3819}.AppStore|iPhone.Build.0 = Debug|Any CPU
		{9B72009C-8FFD-4814-ABF1-C0FF5C7B3819}.AppStore|iPhoneSimulator.ActiveCfg = Debug|Any CPU
		{9B72009C-8FFD-4814-ABF1-C0FF5C7B3819}.AppStore|iPhoneSimulator.Build.0 = Debug|Any CPU
		{9B72009C-8FFD-4814-ABF1-C0FF5C7B3819}.AppStore|x64.ActiveCfg = Debug|Any CPU
		{9B72009C-8FFD-4814-ABF1-C0FF5C7B3819}.AppStore|x64.Build.0 = Debug|Any CPU
		{9B72009C-8FFD-4814-ABF1-C0FF5C7B3819}.AppStore|x86.ActiveCfg = Debug|Any CPU
		{9B72009C-8FFD-4814-ABF1-C0FF5C7B3819}.AppStore|x86.Build.0 = Debug|Any CPU
		{9B72009C-8FFD-4814-ABF1-C0FF5C7B3819}.Debug|Any CPU.ActiveCfg = Debug|Any CPU
		{9B72009C-8FFD-4814-ABF1-C0FF5C7B3819}.Debug|Any CPU.Build.0 = Debug|Any CPU
		{9B72009C-8FFD-4814-ABF1-C0FF5C7B3819}.Debug|ARM.ActiveCfg = Debug|Any CPU
		{9B72009C-8FFD-4814-ABF1-C0FF5C7B3819}.Debug|ARM.Build.0 = Debug|Any CPU
		{9B72009C-8FFD-4814-ABF1-C0FF5C7B3819}.Debug|iPhone.ActiveCfg = Debug|Any CPU
		{9B72009C-8FFD-4814-ABF1-C0FF5C7B3819}.Debug|iPhone.Build.0 = Debug|Any CPU
		{9B72009C-8FFD-4814-ABF1-C0FF5C7B3819}.Debug|iPhoneSimulator.ActiveCfg = Debug|Any CPU
		{9B72009C-8FFD-4814-ABF1-C0FF5C7B3819}.Debug|iPhoneSimulator.Build.0 = Debug|Any CPU
		{9B72009C-8FFD-4814-ABF1-C0FF5C7B3819}.Debug|x64.ActiveCfg = Debug|Any CPU
		{9B72009C-8FFD-4814-ABF1-C0FF5C7B3819}.Debug|x64.Build.0 = Debug|Any CPU
		{9B72009C-8FFD-4814-ABF1-C0FF5C7B3819}.Debug|x86.ActiveCfg = Debug|Any CPU
		{9B72009C-8FFD-4814-ABF1-C0FF5C7B3819}.Debug|x86.Build.0 = Debug|Any CPU
		{9B72009C-8FFD-4814-ABF1-C0FF5C7B3819}.Release|Any CPU.ActiveCfg = Release|Any CPU
		{9B72009C-8FFD-4814-ABF1-C0FF5C7B3819}.Release|Any CPU.Build.0 = Release|Any CPU
		{9B72009C-8FFD-4814-ABF1-C0FF5C7B3819}.Release|ARM.ActiveCfg = Release|Any CPU
		{9B72009C-8FFD-4814-ABF1-C0FF5C7B3819}.Release|ARM.Build.0 = Release|Any CPU
		{9B72009C-8FFD-4814-ABF1-C0FF5C7B3819}.Release|iPhone.ActiveCfg = Release|Any CPU
		{9B72009C-8FFD-4814-ABF1-C0FF5C7B3819}.Release|iPhone.Build.0 = Release|Any CPU
		{9B72009C-8FFD-4814-ABF1-C0FF5C7B3819}.Release|iPhoneSimulator.ActiveCfg = Release|Any CPU
		{9B72009C-8FFD-4814-ABF1-C0FF5C7B3819}.Release|iPhoneSimulator.Build.0 = Release|Any CPU
		{9B72009C-8FFD-4814-ABF1-C0FF5C7B3819}.Release|x64.ActiveCfg = Release|Any CPU
		{9B72009C-8FFD-4814-ABF1-C0FF5C7B3819}.Release|x64.Build.0 = Release|Any CPU
		{9B72009C-8FFD-4814-ABF1-C0FF5C7B3819}.Release|x86.ActiveCfg = Release|Any CPU
		{9B72009C-8FFD-4814-ABF1-C0FF5C7B3819}.Release|x86.Build.0 = Release|Any CPU
		{AB4F8300-D222-44A4-920E-5CA9ED39884C}.Ad-Hoc|Any CPU.ActiveCfg = Release|Any CPU
		{AB4F8300-D222-44A4-920E-5CA9ED39884C}.Ad-Hoc|Any CPU.Build.0 = Release|Any CPU
		{AB4F8300-D222-44A4-920E-5CA9ED39884C}.Ad-Hoc|Any CPU.Deploy.0 = Release|Any CPU
		{AB4F8300-D222-44A4-920E-5CA9ED39884C}.Ad-Hoc|ARM.ActiveCfg = Release|Any CPU
		{AB4F8300-D222-44A4-920E-5CA9ED39884C}.Ad-Hoc|ARM.Build.0 = Release|Any CPU
		{AB4F8300-D222-44A4-920E-5CA9ED39884C}.Ad-Hoc|ARM.Deploy.0 = Release|Any CPU
		{AB4F8300-D222-44A4-920E-5CA9ED39884C}.Ad-Hoc|iPhone.ActiveCfg = Release|Any CPU
		{AB4F8300-D222-44A4-920E-5CA9ED39884C}.Ad-Hoc|iPhone.Build.0 = Release|Any CPU
		{AB4F8300-D222-44A4-920E-5CA9ED39884C}.Ad-Hoc|iPhone.Deploy.0 = Release|Any CPU
		{AB4F8300-D222-44A4-920E-5CA9ED39884C}.Ad-Hoc|iPhoneSimulator.ActiveCfg = Release|Any CPU
		{AB4F8300-D222-44A4-920E-5CA9ED39884C}.Ad-Hoc|iPhoneSimulator.Build.0 = Release|Any CPU
		{AB4F8300-D222-44A4-920E-5CA9ED39884C}.Ad-Hoc|iPhoneSimulator.Deploy.0 = Release|Any CPU
		{AB4F8300-D222-44A4-920E-5CA9ED39884C}.Ad-Hoc|x64.ActiveCfg = Release|Any CPU
		{AB4F8300-D222-44A4-920E-5CA9ED39884C}.Ad-Hoc|x64.Build.0 = Release|Any CPU
		{AB4F8300-D222-44A4-920E-5CA9ED39884C}.Ad-Hoc|x64.Deploy.0 = Release|Any CPU
		{AB4F8300-D222-44A4-920E-5CA9ED39884C}.Ad-Hoc|x86.ActiveCfg = Release|Any CPU
		{AB4F8300-D222-44A4-920E-5CA9ED39884C}.Ad-Hoc|x86.Build.0 = Release|Any CPU
		{AB4F8300-D222-44A4-920E-5CA9ED39884C}.Ad-Hoc|x86.Deploy.0 = Release|Any CPU
		{AB4F8300-D222-44A4-920E-5CA9ED39884C}.AppStore|Any CPU.ActiveCfg = Release|Any CPU
		{AB4F8300-D222-44A4-920E-5CA9ED39884C}.AppStore|Any CPU.Build.0 = Release|Any CPU
		{AB4F8300-D222-44A4-920E-5CA9ED39884C}.AppStore|Any CPU.Deploy.0 = Release|Any CPU
		{AB4F8300-D222-44A4-920E-5CA9ED39884C}.AppStore|ARM.ActiveCfg = Release|Any CPU
		{AB4F8300-D222-44A4-920E-5CA9ED39884C}.AppStore|ARM.Build.0 = Release|Any CPU
		{AB4F8300-D222-44A4-920E-5CA9ED39884C}.AppStore|ARM.Deploy.0 = Release|Any CPU
		{AB4F8300-D222-44A4-920E-5CA9ED39884C}.AppStore|iPhone.ActiveCfg = Release|Any CPU
		{AB4F8300-D222-44A4-920E-5CA9ED39884C}.AppStore|iPhone.Build.0 = Release|Any CPU
		{AB4F8300-D222-44A4-920E-5CA9ED39884C}.AppStore|iPhone.Deploy.0 = Release|Any CPU
		{AB4F8300-D222-44A4-920E-5CA9ED39884C}.AppStore|iPhoneSimulator.ActiveCfg = Release|Any CPU
		{AB4F8300-D222-44A4-920E-5CA9ED39884C}.AppStore|iPhoneSimulator.Build.0 = Release|Any CPU
		{AB4F8300-D222-44A4-920E-5CA9ED39884C}.AppStore|iPhoneSimulator.Deploy.0 = Release|Any CPU
		{AB4F8300-D222-44A4-920E-5CA9ED39884C}.AppStore|x64.ActiveCfg = Release|Any CPU
		{AB4F8300-D222-44A4-920E-5CA9ED39884C}.AppStore|x64.Build.0 = Release|Any CPU
		{AB4F8300-D222-44A4-920E-5CA9ED39884C}.AppStore|x64.Deploy.0 = Release|Any CPU
		{AB4F8300-D222-44A4-920E-5CA9ED39884C}.AppStore|x86.ActiveCfg = Release|Any CPU
		{AB4F8300-D222-44A4-920E-5CA9ED39884C}.AppStore|x86.Build.0 = Release|Any CPU
		{AB4F8300-D222-44A4-920E-5CA9ED39884C}.AppStore|x86.Deploy.0 = Release|Any CPU
		{AB4F8300-D222-44A4-920E-5CA9ED39884C}.Debug|Any CPU.ActiveCfg = Debug|Any CPU
		{AB4F8300-D222-44A4-920E-5CA9ED39884C}.Debug|Any CPU.Build.0 = Debug|Any CPU
		{AB4F8300-D222-44A4-920E-5CA9ED39884C}.Debug|Any CPU.Deploy.0 = Debug|Any CPU
		{AB4F8300-D222-44A4-920E-5CA9ED39884C}.Debug|ARM.ActiveCfg = Debug|Any CPU
		{AB4F8300-D222-44A4-920E-5CA9ED39884C}.Debug|ARM.Build.0 = Debug|Any CPU
		{AB4F8300-D222-44A4-920E-5CA9ED39884C}.Debug|ARM.Deploy.0 = Debug|Any CPU
		{AB4F8300-D222-44A4-920E-5CA9ED39884C}.Debug|iPhone.ActiveCfg = Debug|Any CPU
		{AB4F8300-D222-44A4-920E-5CA9ED39884C}.Debug|iPhone.Build.0 = Debug|Any CPU
		{AB4F8300-D222-44A4-920E-5CA9ED39884C}.Debug|iPhone.Deploy.0 = Debug|Any CPU
		{AB4F8300-D222-44A4-920E-5CA9ED39884C}.Debug|iPhoneSimulator.ActiveCfg = Debug|Any CPU
		{AB4F8300-D222-44A4-920E-5CA9ED39884C}.Debug|iPhoneSimulator.Build.0 = Debug|Any CPU
		{AB4F8300-D222-44A4-920E-5CA9ED39884C}.Debug|iPhoneSimulator.Deploy.0 = Debug|Any CPU
		{AB4F8300-D222-44A4-920E-5CA9ED39884C}.Debug|x64.ActiveCfg = Debug|Any CPU
		{AB4F8300-D222-44A4-920E-5CA9ED39884C}.Debug|x64.Build.0 = Debug|Any CPU
		{AB4F8300-D222-44A4-920E-5CA9ED39884C}.Debug|x64.Deploy.0 = Debug|Any CPU
		{AB4F8300-D222-44A4-920E-5CA9ED39884C}.Debug|x86.ActiveCfg = Debug|Any CPU
		{AB4F8300-D222-44A4-920E-5CA9ED39884C}.Debug|x86.Build.0 = Debug|Any CPU
		{AB4F8300-D222-44A4-920E-5CA9ED39884C}.Debug|x86.Deploy.0 = Debug|Any CPU
		{AB4F8300-D222-44A4-920E-5CA9ED39884C}.Release|Any CPU.ActiveCfg = Release|Any CPU
		{AB4F8300-D222-44A4-920E-5CA9ED39884C}.Release|Any CPU.Build.0 = Release|Any CPU
		{AB4F8300-D222-44A4-920E-5CA9ED39884C}.Release|Any CPU.Deploy.0 = Release|Any CPU
		{AB4F8300-D222-44A4-920E-5CA9ED39884C}.Release|ARM.ActiveCfg = Release|Any CPU
		{AB4F8300-D222-44A4-920E-5CA9ED39884C}.Release|ARM.Build.0 = Release|Any CPU
		{AB4F8300-D222-44A4-920E-5CA9ED39884C}.Release|ARM.Deploy.0 = Release|Any CPU
		{AB4F8300-D222-44A4-920E-5CA9ED39884C}.Release|iPhone.ActiveCfg = Release|Any CPU
		{AB4F8300-D222-44A4-920E-5CA9ED39884C}.Release|iPhone.Build.0 = Release|Any CPU
		{AB4F8300-D222-44A4-920E-5CA9ED39884C}.Release|iPhone.Deploy.0 = Release|Any CPU
		{AB4F8300-D222-44A4-920E-5CA9ED39884C}.Release|iPhoneSimulator.ActiveCfg = Release|Any CPU
		{AB4F8300-D222-44A4-920E-5CA9ED39884C}.Release|iPhoneSimulator.Build.0 = Release|Any CPU
		{AB4F8300-D222-44A4-920E-5CA9ED39884C}.Release|iPhoneSimulator.Deploy.0 = Release|Any CPU
		{AB4F8300-D222-44A4-920E-5CA9ED39884C}.Release|x64.ActiveCfg = Release|Any CPU
		{AB4F8300-D222-44A4-920E-5CA9ED39884C}.Release|x64.Build.0 = Release|Any CPU
		{AB4F8300-D222-44A4-920E-5CA9ED39884C}.Release|x64.Deploy.0 = Release|Any CPU
		{AB4F8300-D222-44A4-920E-5CA9ED39884C}.Release|x86.ActiveCfg = Release|Any CPU
		{AB4F8300-D222-44A4-920E-5CA9ED39884C}.Release|x86.Build.0 = Release|Any CPU
		{AB4F8300-D222-44A4-920E-5CA9ED39884C}.Release|x86.Deploy.0 = Release|Any CPU
		{8E17CE73-8462-494F-AF42-014BB9184D0E}.Ad-Hoc|Any CPU.ActiveCfg = Ad-Hoc|iPhone
		{8E17CE73-8462-494F-AF42-014BB9184D0E}.Ad-Hoc|ARM.ActiveCfg = Ad-Hoc|iPhone
		{8E17CE73-8462-494F-AF42-014BB9184D0E}.Ad-Hoc|iPhone.ActiveCfg = Ad-Hoc|iPhone
		{8E17CE73-8462-494F-AF42-014BB9184D0E}.Ad-Hoc|iPhone.Build.0 = Ad-Hoc|iPhone
		{8E17CE73-8462-494F-AF42-014BB9184D0E}.Ad-Hoc|iPhoneSimulator.ActiveCfg = Ad-Hoc|iPhoneSimulator
		{8E17CE73-8462-494F-AF42-014BB9184D0E}.Ad-Hoc|iPhoneSimulator.Build.0 = Ad-Hoc|iPhoneSimulator
		{8E17CE73-8462-494F-AF42-014BB9184D0E}.Ad-Hoc|x64.ActiveCfg = Ad-Hoc|iPhone
		{8E17CE73-8462-494F-AF42-014BB9184D0E}.Ad-Hoc|x86.ActiveCfg = Ad-Hoc|iPhone
		{8E17CE73-8462-494F-AF42-014BB9184D0E}.AppStore|Any CPU.ActiveCfg = AppStore|iPhone
		{8E17CE73-8462-494F-AF42-014BB9184D0E}.AppStore|ARM.ActiveCfg = AppStore|iPhone
		{8E17CE73-8462-494F-AF42-014BB9184D0E}.AppStore|iPhone.ActiveCfg = AppStore|iPhone
		{8E17CE73-8462-494F-AF42-014BB9184D0E}.AppStore|iPhone.Build.0 = AppStore|iPhone
		{8E17CE73-8462-494F-AF42-014BB9184D0E}.AppStore|iPhoneSimulator.ActiveCfg = AppStore|iPhoneSimulator
		{8E17CE73-8462-494F-AF42-014BB9184D0E}.AppStore|iPhoneSimulator.Build.0 = AppStore|iPhoneSimulator
		{8E17CE73-8462-494F-AF42-014BB9184D0E}.AppStore|x64.ActiveCfg = AppStore|iPhone
		{8E17CE73-8462-494F-AF42-014BB9184D0E}.AppStore|x86.ActiveCfg = AppStore|iPhone
		{8E17CE73-8462-494F-AF42-014BB9184D0E}.Debug|Any CPU.ActiveCfg = Debug|iPhoneSimulator
		{8E17CE73-8462-494F-AF42-014BB9184D0E}.Debug|ARM.ActiveCfg = Debug|iPhone
		{8E17CE73-8462-494F-AF42-014BB9184D0E}.Debug|iPhone.ActiveCfg = Debug|iPhone
		{8E17CE73-8462-494F-AF42-014BB9184D0E}.Debug|iPhone.Build.0 = Debug|iPhone
		{8E17CE73-8462-494F-AF42-014BB9184D0E}.Debug|iPhoneSimulator.ActiveCfg = Debug|iPhoneSimulator
		{8E17CE73-8462-494F-AF42-014BB9184D0E}.Debug|iPhoneSimulator.Build.0 = Debug|iPhoneSimulator
		{8E17CE73-8462-494F-AF42-014BB9184D0E}.Debug|x64.ActiveCfg = Debug|iPhone
		{8E17CE73-8462-494F-AF42-014BB9184D0E}.Debug|x86.ActiveCfg = Debug|iPhone
		{8E17CE73-8462-494F-AF42-014BB9184D0E}.Release|Any CPU.ActiveCfg = Release|iPhone
		{8E17CE73-8462-494F-AF42-014BB9184D0E}.Release|ARM.ActiveCfg = Release|iPhone
		{8E17CE73-8462-494F-AF42-014BB9184D0E}.Release|iPhone.ActiveCfg = Release|iPhone
		{8E17CE73-8462-494F-AF42-014BB9184D0E}.Release|iPhone.Build.0 = Release|iPhone
		{8E17CE73-8462-494F-AF42-014BB9184D0E}.Release|iPhoneSimulator.ActiveCfg = Release|iPhoneSimulator
		{8E17CE73-8462-494F-AF42-014BB9184D0E}.Release|iPhoneSimulator.Build.0 = Release|iPhoneSimulator
		{8E17CE73-8462-494F-AF42-014BB9184D0E}.Release|x64.ActiveCfg = Release|iPhone
		{8E17CE73-8462-494F-AF42-014BB9184D0E}.Release|x86.ActiveCfg = Release|iPhone
		{10C9C8CA-5975-44D8-978C-2812B54E49B8}.Ad-Hoc|Any CPU.ActiveCfg = Release|x86
		{10C9C8CA-5975-44D8-978C-2812B54E49B8}.Ad-Hoc|Any CPU.Build.0 = Release|x86
		{10C9C8CA-5975-44D8-978C-2812B54E49B8}.Ad-Hoc|Any CPU.Deploy.0 = Release|x86
		{10C9C8CA-5975-44D8-978C-2812B54E49B8}.Ad-Hoc|ARM.ActiveCfg = Release|ARM
		{10C9C8CA-5975-44D8-978C-2812B54E49B8}.Ad-Hoc|ARM.Build.0 = Release|ARM
		{10C9C8CA-5975-44D8-978C-2812B54E49B8}.Ad-Hoc|ARM.Deploy.0 = Release|ARM
		{10C9C8CA-5975-44D8-978C-2812B54E49B8}.Ad-Hoc|iPhone.ActiveCfg = Release|x86
		{10C9C8CA-5975-44D8-978C-2812B54E49B8}.Ad-Hoc|iPhone.Build.0 = Release|x86
		{10C9C8CA-5975-44D8-978C-2812B54E49B8}.Ad-Hoc|iPhone.Deploy.0 = Release|x86
		{10C9C8CA-5975-44D8-978C-2812B54E49B8}.Ad-Hoc|iPhoneSimulator.ActiveCfg = Release|x86
		{10C9C8CA-5975-44D8-978C-2812B54E49B8}.Ad-Hoc|iPhoneSimulator.Build.0 = Release|x86
		{10C9C8CA-5975-44D8-978C-2812B54E49B8}.Ad-Hoc|iPhoneSimulator.Deploy.0 = Release|x86
		{10C9C8CA-5975-44D8-978C-2812B54E49B8}.Ad-Hoc|x64.ActiveCfg = Release|x64
		{10C9C8CA-5975-44D8-978C-2812B54E49B8}.Ad-Hoc|x64.Build.0 = Release|x64
		{10C9C8CA-5975-44D8-978C-2812B54E49B8}.Ad-Hoc|x64.Deploy.0 = Release|x64
		{10C9C8CA-5975-44D8-978C-2812B54E49B8}.Ad-Hoc|x86.ActiveCfg = Release|x86
		{10C9C8CA-5975-44D8-978C-2812B54E49B8}.Ad-Hoc|x86.Build.0 = Release|x86
		{10C9C8CA-5975-44D8-978C-2812B54E49B8}.Ad-Hoc|x86.Deploy.0 = Release|x86
		{10C9C8CA-5975-44D8-978C-2812B54E49B8}.AppStore|Any CPU.ActiveCfg = Release|x86
		{10C9C8CA-5975-44D8-978C-2812B54E49B8}.AppStore|Any CPU.Build.0 = Release|x86
		{10C9C8CA-5975-44D8-978C-2812B54E49B8}.AppStore|Any CPU.Deploy.0 = Release|x86
		{10C9C8CA-5975-44D8-978C-2812B54E49B8}.AppStore|ARM.ActiveCfg = Release|ARM
		{10C9C8CA-5975-44D8-978C-2812B54E49B8}.AppStore|ARM.Build.0 = Release|ARM
		{10C9C8CA-5975-44D8-978C-2812B54E49B8}.AppStore|ARM.Deploy.0 = Release|ARM
		{10C9C8CA-5975-44D8-978C-2812B54E49B8}.AppStore|iPhone.ActiveCfg = Release|x86
		{10C9C8CA-5975-44D8-978C-2812B54E49B8}.AppStore|iPhone.Build.0 = Release|x86
		{10C9C8CA-5975-44D8-978C-2812B54E49B8}.AppStore|iPhone.Deploy.0 = Release|x86
		{10C9C8CA-5975-44D8-978C-2812B54E49B8}.AppStore|iPhoneSimulator.ActiveCfg = Release|x86
		{10C9C8CA-5975-44D8-978C-2812B54E49B8}.AppStore|iPhoneSimulator.Build.0 = Release|x86
		{10C9C8CA-5975-44D8-978C-2812B54E49B8}.AppStore|iPhoneSimulator.Deploy.0 = Release|x86
		{10C9C8CA-5975-44D8-978C-2812B54E49B8}.AppStore|x64.ActiveCfg = Release|x64
		{10C9C8CA-5975-44D8-978C-2812B54E49B8}.AppStore|x64.Build.0 = Release|x64
		{10C9C8CA-5975-44D8-978C-2812B54E49B8}.AppStore|x64.Deploy.0 = Release|x64
		{10C9C8CA-5975-44D8-978C-2812B54E49B8}.AppStore|x86.ActiveCfg = Release|x86
		{10C9C8CA-5975-44D8-978C-2812B54E49B8}.AppStore|x86.Build.0 = Release|x86
		{10C9C8CA-5975-44D8-978C-2812B54E49B8}.AppStore|x86.Deploy.0 = Release|x86
		{10C9C8CA-5975-44D8-978C-2812B54E49B8}.Debug|Any CPU.ActiveCfg = Debug|x86
		{10C9C8CA-5975-44D8-978C-2812B54E49B8}.Debug|Any CPU.Build.0 = Debug|x86
		{10C9C8CA-5975-44D8-978C-2812B54E49B8}.Debug|Any CPU.Deploy.0 = Debug|x86
		{10C9C8CA-5975-44D8-978C-2812B54E49B8}.Debug|ARM.ActiveCfg = Debug|ARM
		{10C9C8CA-5975-44D8-978C-2812B54E49B8}.Debug|ARM.Build.0 = Debug|ARM
		{10C9C8CA-5975-44D8-978C-2812B54E49B8}.Debug|ARM.Deploy.0 = Debug|ARM
		{10C9C8CA-5975-44D8-978C-2812B54E49B8}.Debug|iPhone.ActiveCfg = Debug|x86
		{10C9C8CA-5975-44D8-978C-2812B54E49B8}.Debug|iPhoneSimulator.ActiveCfg = Debug|x86
		{10C9C8CA-5975-44D8-978C-2812B54E49B8}.Debug|x64.ActiveCfg = Debug|x64
		{10C9C8CA-5975-44D8-978C-2812B54E49B8}.Debug|x64.Build.0 = Debug|x64
		{10C9C8CA-5975-44D8-978C-2812B54E49B8}.Debug|x64.Deploy.0 = Debug|x64
		{10C9C8CA-5975-44D8-978C-2812B54E49B8}.Debug|x86.ActiveCfg = Debug|x86
		{10C9C8CA-5975-44D8-978C-2812B54E49B8}.Debug|x86.Build.0 = Debug|x86
		{10C9C8CA-5975-44D8-978C-2812B54E49B8}.Debug|x86.Deploy.0 = Debug|x86
		{10C9C8CA-5975-44D8-978C-2812B54E49B8}.Release|Any CPU.ActiveCfg = Release|x86
		{10C9C8CA-5975-44D8-978C-2812B54E49B8}.Release|ARM.ActiveCfg = Release|ARM
		{10C9C8CA-5975-44D8-978C-2812B54E49B8}.Release|ARM.Build.0 = Release|ARM
		{10C9C8CA-5975-44D8-978C-2812B54E49B8}.Release|ARM.Deploy.0 = Release|ARM
		{10C9C8CA-5975-44D8-978C-2812B54E49B8}.Release|iPhone.ActiveCfg = Release|x86
		{10C9C8CA-5975-44D8-978C-2812B54E49B8}.Release|iPhoneSimulator.ActiveCfg = Release|x86
		{10C9C8CA-5975-44D8-978C-2812B54E49B8}.Release|x64.ActiveCfg = Release|x64
		{10C9C8CA-5975-44D8-978C-2812B54E49B8}.Release|x64.Build.0 = Release|x64
		{10C9C8CA-5975-44D8-978C-2812B54E49B8}.Release|x64.Deploy.0 = Release|x64
		{10C9C8CA-5975-44D8-978C-2812B54E49B8}.Release|x86.ActiveCfg = Release|x86
		{10C9C8CA-5975-44D8-978C-2812B54E49B8}.Release|x86.Build.0 = Release|x86
		{10C9C8CA-5975-44D8-978C-2812B54E49B8}.Release|x86.Deploy.0 = Release|x86
		{1A21DD72-3093-400D-A3F8-D5D79203A609}.Ad-Hoc|Any CPU.ActiveCfg = Debug|Any CPU
		{1A21DD72-3093-400D-A3F8-D5D79203A609}.Ad-Hoc|Any CPU.Build.0 = Debug|Any CPU
		{1A21DD72-3093-400D-A3F8-D5D79203A609}.Ad-Hoc|ARM.ActiveCfg = Debug|Any CPU
		{1A21DD72-3093-400D-A3F8-D5D79203A609}.Ad-Hoc|ARM.Build.0 = Debug|Any CPU
		{1A21DD72-3093-400D-A3F8-D5D79203A609}.Ad-Hoc|iPhone.ActiveCfg = Debug|Any CPU
		{1A21DD72-3093-400D-A3F8-D5D79203A609}.Ad-Hoc|iPhone.Build.0 = Debug|Any CPU
		{1A21DD72-3093-400D-A3F8-D5D79203A609}.Ad-Hoc|iPhoneSimulator.ActiveCfg = Debug|Any CPU
		{1A21DD72-3093-400D-A3F8-D5D79203A609}.Ad-Hoc|iPhoneSimulator.Build.0 = Debug|Any CPU
		{1A21DD72-3093-400D-A3F8-D5D79203A609}.Ad-Hoc|x64.ActiveCfg = Debug|Any CPU
		{1A21DD72-3093-400D-A3F8-D5D79203A609}.Ad-Hoc|x64.Build.0 = Debug|Any CPU
		{1A21DD72-3093-400D-A3F8-D5D79203A609}.Ad-Hoc|x86.ActiveCfg = Debug|Any CPU
		{1A21DD72-3093-400D-A3F8-D5D79203A609}.Ad-Hoc|x86.Build.0 = Debug|Any CPU
		{1A21DD72-3093-400D-A3F8-D5D79203A609}.AppStore|Any CPU.ActiveCfg = Debug|Any CPU
		{1A21DD72-3093-400D-A3F8-D5D79203A609}.AppStore|Any CPU.Build.0 = Debug|Any CPU
		{1A21DD72-3093-400D-A3F8-D5D79203A609}.AppStore|ARM.ActiveCfg = Debug|Any CPU
		{1A21DD72-3093-400D-A3F8-D5D79203A609}.AppStore|ARM.Build.0 = Debug|Any CPU
		{1A21DD72-3093-400D-A3F8-D5D79203A609}.AppStore|iPhone.ActiveCfg = Debug|Any CPU
		{1A21DD72-3093-400D-A3F8-D5D79203A609}.AppStore|iPhone.Build.0 = Debug|Any CPU
		{1A21DD72-3093-400D-A3F8-D5D79203A609}.AppStore|iPhoneSimulator.ActiveCfg = Debug|Any CPU
		{1A21DD72-3093-400D-A3F8-D5D79203A609}.AppStore|iPhoneSimulator.Build.0 = Debug|Any CPU
		{1A21DD72-3093-400D-A3F8-D5D79203A609}.AppStore|x64.ActiveCfg = Debug|Any CPU
		{1A21DD72-3093-400D-A3F8-D5D79203A609}.AppStore|x64.Build.0 = Debug|Any CPU
		{1A21DD72-3093-400D-A3F8-D5D79203A609}.AppStore|x86.ActiveCfg = Debug|Any CPU
		{1A21DD72-3093-400D-A3F8-D5D79203A609}.AppStore|x86.Build.0 = Debug|Any CPU
		{1A21DD72-3093-400D-A3F8-D5D79203A609}.Debug|Any CPU.ActiveCfg = Debug|Any CPU
		{1A21DD72-3093-400D-A3F8-D5D79203A609}.Debug|Any CPU.Build.0 = Debug|Any CPU
		{1A21DD72-3093-400D-A3F8-D5D79203A609}.Debug|ARM.ActiveCfg = Debug|Any CPU
		{1A21DD72-3093-400D-A3F8-D5D79203A609}.Debug|ARM.Build.0 = Debug|Any CPU
		{1A21DD72-3093-400D-A3F8-D5D79203A609}.Debug|iPhone.ActiveCfg = Debug|Any CPU
		{1A21DD72-3093-400D-A3F8-D5D79203A609}.Debug|iPhone.Build.0 = Debug|Any CPU
		{1A21DD72-3093-400D-A3F8-D5D79203A609}.Debug|iPhoneSimulator.ActiveCfg = Debug|Any CPU
		{1A21DD72-3093-400D-A3F8-D5D79203A609}.Debug|iPhoneSimulator.Build.0 = Debug|Any CPU
		{1A21DD72-3093-400D-A3F8-D5D79203A609}.Debug|x64.ActiveCfg = Debug|Any CPU
		{1A21DD72-3093-400D-A3F8-D5D79203A609}.Debug|x64.Build.0 = Debug|Any CPU
		{1A21DD72-3093-400D-A3F8-D5D79203A609}.Debug|x86.ActiveCfg = Debug|Any CPU
		{1A21DD72-3093-400D-A3F8-D5D79203A609}.Debug|x86.Build.0 = Debug|Any CPU
		{1A21DD72-3093-400D-A3F8-D5D79203A609}.Release|Any CPU.ActiveCfg = Release|Any CPU
		{1A21DD72-3093-400D-A3F8-D5D79203A609}.Release|Any CPU.Build.0 = Release|Any CPU
		{1A21DD72-3093-400D-A3F8-D5D79203A609}.Release|ARM.ActiveCfg = Release|Any CPU
		{1A21DD72-3093-400D-A3F8-D5D79203A609}.Release|ARM.Build.0 = Release|Any CPU
		{1A21DD72-3093-400D-A3F8-D5D79203A609}.Release|iPhone.ActiveCfg = Release|Any CPU
		{1A21DD72-3093-400D-A3F8-D5D79203A609}.Release|iPhone.Build.0 = Release|Any CPU
		{1A21DD72-3093-400D-A3F8-D5D79203A609}.Release|iPhoneSimulator.ActiveCfg = Release|Any CPU
		{1A21DD72-3093-400D-A3F8-D5D79203A609}.Release|iPhoneSimulator.Build.0 = Release|Any CPU
		{1A21DD72-3093-400D-A3F8-D5D79203A609}.Release|x64.ActiveCfg = Release|Any CPU
		{1A21DD72-3093-400D-A3F8-D5D79203A609}.Release|x64.Build.0 = Release|Any CPU
		{1A21DD72-3093-400D-A3F8-D5D79203A609}.Release|x86.ActiveCfg = Release|Any CPU
		{1A21DD72-3093-400D-A3F8-D5D79203A609}.Release|x86.Build.0 = Release|Any CPU
	EndGlobalSection
	GlobalSection(SolutionProperties) = preSolution
		HideSolutionNode = FALSE
	EndGlobalSection
	GlobalSection(ExtensibilityGlobals) = postSolution
		SolutionGuid = {06B1463F-D25A-41E4-9B6A-E3935FD7DE67}
	EndGlobalSection
EndGlobal
